
Microsoft Visual Studio Solution File, Format Version 12.00
# Visual Studio Version 17
VisualStudioVersion = 17.9.34622.214
MinimumVisualStudioVersion = 10.0.40219.1
Project("{FAE04EC0-301F-11D3-BF4B-00C04F79EFBC}") = "MendezAlejandra_dowhile18", "MendezAlejandra_dowhile18\MendezAlejandra_dowhile18.csproj", "{87BB8E84-0542-415D-A68A-1FADB46550C7}"
EndProject
Global
	GlobalSection(SolutionConfigurationPlatforms) = preSolution
		Debug|Any CPU = Debug|Any CPU
		Release|Any CPU = Release|Any CPU
	EndGlobalSection
	GlobalSection(ProjectConfigurationPlatforms) = postSolution
		{87BB8E84-0542-415D-A68A-1FADB46550C7}.Debug|Any CPU.ActiveCfg = Debug|Any CPU
		{87BB8E84-0542-415D-A68A-1FADB46550C7}.Debug|Any CPU.Build.0 = Debug|Any CPU
		{87BB8E84-0542-415D-A68A-1FADB46550C7}.Release|Any CPU.ActiveCfg = Release|Any CPU
		{87BB8E84-0542-415D-A68A-1FADB46550C7}.Release|Any CPU.Build.0 = Release|Any CPU
	EndGlobalSection
	GlobalSection(SolutionProperties) = preSolution
		HideSolutionNode = FALSE
	EndGlobalSection
	GlobalSection(ExtensibilityGlobals) = postSolution
		SolutionGuid = {60D786F5-7D8F-4715-8E86-FDCC9072885A}
	EndGlobalSection
EndGlobal
